// !$*UTF8*$!
{
	archiveVersion = 1;
	classes = {
	};
	objectVersion = 56;
	objects = {

/* Begin PBXBuildFile section */
		50255958292181DE007C41D3 /* MainWeatherView.swift in Sources */ = {isa = PBXBuildFile; fileRef = 50255957292181DE007C41D3 /* MainWeatherView.swift */; };
		5025595A29218291007C41D3 /* UIColor+hex.swift in Sources */ = {isa = PBXBuildFile; fileRef = 5025595929218291007C41D3 /* UIColor+hex.swift */; };
		50786EDE2907236400E10BF5 /* AppDelegate.swift in Sources */ = {isa = PBXBuildFile; fileRef = 50786EDD2907236400E10BF5 /* AppDelegate.swift */; };
		50786EE02907236400E10BF5 /* SceneDelegate.swift in Sources */ = {isa = PBXBuildFile; fileRef = 50786EDF2907236400E10BF5 /* SceneDelegate.swift */; };
		50786EE22907236400E10BF5 /* ViewController.swift in Sources */ = {isa = PBXBuildFile; fileRef = 50786EE12907236400E10BF5 /* ViewController.swift */; };
		50786EE72907236600E10BF5 /* Assets.xcassets in Resources */ = {isa = PBXBuildFile; fileRef = 50786EE62907236600E10BF5 /* Assets.xcassets */; };
		50786EEA2907236600E10BF5 /* LaunchScreen.storyboard in Resources */ = {isa = PBXBuildFile; fileRef = 50786EE82907236600E10BF5 /* LaunchScreen.storyboard */; };
		50786EF52907236600E10BF5 /* MyWeatherTests.swift in Sources */ = {isa = PBXBuildFile; fileRef = 50786EF42907236600E10BF5 /* MyWeatherTests.swift */; };
		50786EFF2907236700E10BF5 /* MyWeatherUITests.swift in Sources */ = {isa = PBXBuildFile; fileRef = 50786EFE2907236700E10BF5 /* MyWeatherUITests.swift */; };
		50786F012907236700E10BF5 /* MyWeatherUITestsLaunchTests.swift in Sources */ = {isa = PBXBuildFile; fileRef = 50786F002907236700E10BF5 /* MyWeatherUITestsLaunchTests.swift */; };
		508347EB2924302F0064D2F9 /* UIView+layout.swift in Sources */ = {isa = PBXBuildFile; fileRef = 508347EA2924302F0064D2F9 /* UIView+layout.swift */; };
		508347ED2924328B0064D2F9 /* ValueView.swift in Sources */ = {isa = PBXBuildFile; fileRef = 508347EC2924328B0064D2F9 /* ValueView.swift */; };
		508347EF29243B320064D2F9 /* UIView+constraints.swift in Sources */ = {isa = PBXBuildFile; fileRef = 508347EE29243B320064D2F9 /* UIView+constraints.swift */; };
		50AE7DA82926EBDF00FB384B /* DailyInfoView.swift in Sources */ = {isa = PBXBuildFile; fileRef = 50AE7DA72926EBDF00FB384B /* DailyInfoView.swift */; };
		50F716D52914588F00FBBA65 /* WeatherModel.swift in Sources */ = {isa = PBXBuildFile; fileRef = 50F716D42914588F00FBBA65 /* WeatherModel.swift */; };
		50F716D729145B8000FBBA65 /* Service.swift in Sources */ = {isa = PBXBuildFile; fileRef = 50F716D629145B8000FBBA65 /* Service.swift */; };
		50F716D92914664900FBBA65 /* URLBuilder.swift in Sources */ = {isa = PBXBuildFile; fileRef = 50F716D82914664900FBBA65 /* URLBuilder.swift */; };
/* End PBXBuildFile section */

/* Begin PBXContainerItemProxy section */
		50786EF12907236600E10BF5 /* PBXContainerItemProxy */ = {
			isa = PBXContainerItemProxy;
			containerPortal = 50786ED22907236400E10BF5 /* Project object */;
			proxyType = 1;
			remoteGlobalIDString = 50786ED92907236400E10BF5;
			remoteInfo = MyWeather;
		};
		50786EFB2907236700E10BF5 /* PBXContainerItemProxy */ = {
			isa = PBXContainerItemProxy;
			containerPortal = 50786ED22907236400E10BF5 /* Project object */;
			proxyType = 1;
			remoteGlobalIDString = 50786ED92907236400E10BF5;
			remoteInfo = MyWeather;
		};
/* End PBXContainerItemProxy section */

/* Begin PBXFileReference section */
		50255957292181DE007C41D3 /* MainWeatherView.swift */ = {isa = PBXFileReference; lastKnownFileType = sourcecode.swift; path = MainWeatherView.swift; sourceTree = "<group>"; };
		5025595929218291007C41D3 /* UIColor+hex.swift */ = {isa = PBXFileReference; lastKnownFileType = sourcecode.swift; path = "UIColor+hex.swift"; sourceTree = "<group>"; };
		50786EDA2907236400E10BF5 /* MyWeather.app */ = {isa = PBXFileReference; explicitFileType = wrapper.application; includeInIndex = 0; path = MyWeather.app; sourceTree = BUILT_PRODUCTS_DIR; };
		50786EDD2907236400E10BF5 /* AppDelegate.swift */ = {isa = PBXFileReference; lastKnownFileType = sourcecode.swift; path = AppDelegate.swift; sourceTree = "<group>"; };
		50786EDF2907236400E10BF5 /* SceneDelegate.swift */ = {isa = PBXFileReference; lastKnownFileType = sourcecode.swift; path = SceneDelegate.swift; sourceTree = "<group>"; };
		50786EE12907236400E10BF5 /* ViewController.swift */ = {isa = PBXFileReference; lastKnownFileType = sourcecode.swift; path = ViewController.swift; sourceTree = "<group>"; };
		50786EE62907236600E10BF5 /* Assets.xcassets */ = {isa = PBXFileReference; lastKnownFileType = folder.assetcatalog; path = Assets.xcassets; sourceTree = "<group>"; };
		50786EE92907236600E10BF5 /* Base */ = {isa = PBXFileReference; lastKnownFileType = file.storyboard; name = Base; path = Base.lproj/LaunchScreen.storyboard; sourceTree = "<group>"; };
		50786EEB2907236600E10BF5 /* Info.plist */ = {isa = PBXFileReference; lastKnownFileType = text.plist.xml; path = Info.plist; sourceTree = "<group>"; };
		50786EF02907236600E10BF5 /* MyWeatherTests.xctest */ = {isa = PBXFileReference; explicitFileType = wrapper.cfbundle; includeInIndex = 0; path = MyWeatherTests.xctest; sourceTree = BUILT_PRODUCTS_DIR; };
		50786EF42907236600E10BF5 /* MyWeatherTests.swift */ = {isa = PBXFileReference; lastKnownFileType = sourcecode.swift; path = MyWeatherTests.swift; sourceTree = "<group>"; };
		50786EFA2907236700E10BF5 /* MyWeatherUITests.xctest */ = {isa = PBXFileReference; explicitFileType = wrapper.cfbundle; includeInIndex = 0; path = MyWeatherUITests.xctest; sourceTree = BUILT_PRODUCTS_DIR; };
		50786EFE2907236700E10BF5 /* MyWeatherUITests.swift */ = {isa = PBXFileReference; lastKnownFileType = sourcecode.swift; path = MyWeatherUITests.swift; sourceTree = "<group>"; };
		50786F002907236700E10BF5 /* MyWeatherUITestsLaunchTests.swift */ = {isa = PBXFileReference; lastKnownFileType = sourcecode.swift; path = MyWeatherUITestsLaunchTests.swift; sourceTree = "<group>"; };
		508347EA2924302F0064D2F9 /* UIView+layout.swift */ = {isa = PBXFileReference; lastKnownFileType = sourcecode.swift; path = "UIView+layout.swift"; sourceTree = "<group>"; };
		508347EC2924328B0064D2F9 /* ValueView.swift */ = {isa = PBXFileReference; lastKnownFileType = sourcecode.swift; path = ValueView.swift; sourceTree = "<group>"; };
		508347EE29243B320064D2F9 /* UIView+constraints.swift */ = {isa = PBXFileReference; lastKnownFileType = sourcecode.swift; path = "UIView+constraints.swift"; sourceTree = "<group>"; };
		50AE7DA72926EBDF00FB384B /* DailyInfoView.swift */ = {isa = PBXFileReference; lastKnownFileType = sourcecode.swift; path = DailyInfoView.swift; sourceTree = "<group>"; };
		50F716D42914588F00FBBA65 /* WeatherModel.swift */ = {isa = PBXFileReference; lastKnownFileType = sourcecode.swift; path = WeatherModel.swift; sourceTree = "<group>"; };
		50F716D629145B8000FBBA65 /* Service.swift */ = {isa = PBXFileReference; lastKnownFileType = sourcecode.swift; path = Service.swift; sourceTree = "<group>"; };
		50F716D82914664900FBBA65 /* URLBuilder.swift */ = {isa = PBXFileReference; lastKnownFileType = sourcecode.swift; path = URLBuilder.swift; sourceTree = "<group>"; };
/* End PBXFileReference section */

/* Begin PBXFrameworksBuildPhase section */
		50786ED72907236400E10BF5 /* Frameworks */ = {
			isa = PBXFrameworksBuildPhase;
			buildActionMask = 2147483647;
			files = (
			);
			runOnlyForDeploymentPostprocessing = 0;
		};
		50786EED2907236600E10BF5 /* Frameworks */ = {
			isa = PBXFrameworksBuildPhase;
			buildActionMask = 2147483647;
			files = (
			);
			runOnlyForDeploymentPostprocessing = 0;
		};
		50786EF72907236700E10BF5 /* Frameworks */ = {
			isa = PBXFrameworksBuildPhase;
			buildActionMask = 2147483647;
			files = (
			);
			runOnlyForDeploymentPostprocessing = 0;
		};
/* End PBXFrameworksBuildPhase section */

/* Begin PBXGroup section */
		50786ED12907236400E10BF5 = {
			isa = PBXGroup;
			children = (
				50786EDC2907236400E10BF5 /* MyWeather */,
				50786EF32907236600E10BF5 /* MyWeatherTests */,
				50786EFD2907236700E10BF5 /* MyWeatherUITests */,
				50786EDB2907236400E10BF5 /* Products */,
			);
			sourceTree = "<group>";
		};
		50786EDB2907236400E10BF5 /* Products */ = {
			isa = PBXGroup;
			children = (
				50786EDA2907236400E10BF5 /* MyWeather.app */,
				50786EF02907236600E10BF5 /* MyWeatherTests.xctest */,
				50786EFA2907236700E10BF5 /* MyWeatherUITests.xctest */,
			);
			name = Products;
			sourceTree = "<group>";
		};
		50786EDC2907236400E10BF5 /* MyWeather */ = {
			isa = PBXGroup;
			children = (
				50F716D3291453EA00FBBA65 /* Helper */,
				50F716D2291453D800FBBA65 /* Service */,
				50F716D0291453C600FBBA65 /* ViewModel */,
				50F716CF291453B200FBBA65 /* View */,
				50F716CE291453AC00FBBA65 /* Model */,
				50F716CD2914539F00FBBA65 /* Controller */,
				50786EDD2907236400E10BF5 /* AppDelegate.swift */,
				50786EDF2907236400E10BF5 /* SceneDelegate.swift */,
				50786EE12907236400E10BF5 /* ViewController.swift */,
				50786EE62907236600E10BF5 /* Assets.xcassets */,
				50786EE82907236600E10BF5 /* LaunchScreen.storyboard */,
				50786EEB2907236600E10BF5 /* Info.plist */,
			);
			path = MyWeather;
			sourceTree = "<group>";
		};
		50786EF32907236600E10BF5 /* MyWeatherTests */ = {
			isa = PBXGroup;
			children = (
				50786EF42907236600E10BF5 /* MyWeatherTests.swift */,
			);
			path = MyWeatherTests;
			sourceTree = "<group>";
		};
		50786EFD2907236700E10BF5 /* MyWeatherUITests */ = {
			isa = PBXGroup;
			children = (
				50786EFE2907236700E10BF5 /* MyWeatherUITests.swift */,
				50786F002907236700E10BF5 /* MyWeatherUITestsLaunchTests.swift */,
			);
			path = MyWeatherUITests;
			sourceTree = "<group>";
		};
		50F716CD2914539F00FBBA65 /* Controller */ = {
			isa = PBXGroup;
			children = (
			);
			path = Controller;
			sourceTree = "<group>";
		};
		50F716CE291453AC00FBBA65 /* Model */ = {
			isa = PBXGroup;
			children = (
				50F716D42914588F00FBBA65 /* WeatherModel.swift */,
			);
			path = Model;
			sourceTree = "<group>";
		};
		50F716CF291453B200FBBA65 /* View */ = {
			isa = PBXGroup;
			children = (
				50255957292181DE007C41D3 /* MainWeatherView.swift */,
				508347EC2924328B0064D2F9 /* ValueView.swift */,
				50AE7DA72926EBDF00FB384B /* DailyInfoView.swift */,
			);
			path = View;
			sourceTree = "<group>";
		};
		50F716D0291453C600FBBA65 /* ViewModel */ = {
			isa = PBXGroup;
			children = (
			);
			path = ViewModel;
			sourceTree = "<group>";
		};
		50F716D2291453D800FBBA65 /* Service */ = {
			isa = PBXGroup;
			children = (
				50F716D629145B8000FBBA65 /* Service.swift */,
			);
			path = Service;
			sourceTree = "<group>";
		};
		50F716D3291453EA00FBBA65 /* Helper */ = {
			isa = PBXGroup;
			children = (
				50F716D82914664900FBBA65 /* URLBuilder.swift */,
				5025595929218291007C41D3 /* UIColor+hex.swift */,
				508347EA2924302F0064D2F9 /* UIView+layout.swift */,
				508347EE29243B320064D2F9 /* UIView+constraints.swift */,
			);
			path = Helper;
			sourceTree = "<group>";
		};
/* End PBXGroup section */

/* Begin PBXNativeTarget section */
		50786ED92907236400E10BF5 /* MyWeather */ = {
			isa = PBXNativeTarget;
			buildConfigurationList = 50786F042907236700E10BF5 /* Build configuration list for PBXNativeTarget "MyWeather" */;
			buildPhases = (
				50786ED62907236400E10BF5 /* Sources */,
				50786ED72907236400E10BF5 /* Frameworks */,
				50786ED82907236400E10BF5 /* Resources */,
			);
			buildRules = (
			);
			dependencies = (
			);
			name = MyWeather;
			productName = MyWeather;
			productReference = 50786EDA2907236400E10BF5 /* MyWeather.app */;
			productType = "com.apple.product-type.application";
		};
		50786EEF2907236600E10BF5 /* MyWeatherTests */ = {
			isa = PBXNativeTarget;
			buildConfigurationList = 50786F072907236700E10BF5 /* Build configuration list for PBXNativeTarget "MyWeatherTests" */;
			buildPhases = (
				50786EEC2907236600E10BF5 /* Sources */,
				50786EED2907236600E10BF5 /* Frameworks */,
				50786EEE2907236600E10BF5 /* Resources */,
			);
			buildRules = (
			);
			dependencies = (
				50786EF22907236600E10BF5 /* PBXTargetDependency */,
			);
			name = MyWeatherTests;
			productName = MyWeatherTests;
			productReference = 50786EF02907236600E10BF5 /* MyWeatherTests.xctest */;
			productType = "com.apple.product-type.bundle.unit-test";
		};
		50786EF92907236700E10BF5 /* MyWeatherUITests */ = {
			isa = PBXNativeTarget;
			buildConfigurationList = 50786F0A2907236700E10BF5 /* Build configuration list for PBXNativeTarget "MyWeatherUITests" */;
			buildPhases = (
				50786EF62907236700E10BF5 /* Sources */,
				50786EF72907236700E10BF5 /* Frameworks */,
				50786EF82907236700E10BF5 /* Resources */,
			);
			buildRules = (
			);
			dependencies = (
				50786EFC2907236700E10BF5 /* PBXTargetDependency */,
			);
			name = MyWeatherUITests;
			productName = MyWeatherUITests;
			productReference = 50786EFA2907236700E10BF5 /* MyWeatherUITests.xctest */;
			productType = "com.apple.product-type.bundle.ui-testing";
		};
/* End PBXNativeTarget section */

/* Begin PBXProject section */
		50786ED22907236400E10BF5 /* Project object */ = {
			isa = PBXProject;
			attributes = {
				BuildIndependentTargetsInParallel = 1;
				LastSwiftUpdateCheck = 1400;
				LastUpgradeCheck = 1400;
				TargetAttributes = {
					50786ED92907236400E10BF5 = {
						CreatedOnToolsVersion = 14.0.1;
					};
					50786EEF2907236600E10BF5 = {
						CreatedOnToolsVersion = 14.0.1;
						TestTargetID = 50786ED92907236400E10BF5;
					};
					50786EF92907236700E10BF5 = {
						CreatedOnToolsVersion = 14.0.1;
						TestTargetID = 50786ED92907236400E10BF5;
					};
				};
			};
			buildConfigurationList = 50786ED52907236400E10BF5 /* Build configuration list for PBXProject "MyWeather" */;
			compatibilityVersion = "Xcode 14.0";
			developmentRegion = en;
			hasScannedForEncodings = 0;
			knownRegions = (
				en,
				Base,
			);
			mainGroup = 50786ED12907236400E10BF5;
			productRefGroup = 50786EDB2907236400E10BF5 /* Products */;
			projectDirPath = "";
			projectRoot = "";
			targets = (
				50786ED92907236400E10BF5 /* MyWeather */,
				50786EEF2907236600E10BF5 /* MyWeatherTests */,
				50786EF92907236700E10BF5 /* MyWeatherUITests */,
			);
		};
/* End PBXProject section */

/* Begin PBXResourcesBuildPhase section */
		50786ED82907236400E10BF5 /* Resources */ = {
			isa = PBXResourcesBuildPhase;
			buildActionMask = 2147483647;
			files = (
				50786EEA2907236600E10BF5 /* LaunchScreen.storyboard in Resources */,
				50786EE72907236600E10BF5 /* Assets.xcassets in Resources */,
			);
			runOnlyForDeploymentPostprocessing = 0;
		};
		50786EEE2907236600E10BF5 /* Resources */ = {
			isa = PBXResourcesBuildPhase;
			buildActionMask = 2147483647;
			files = (
			);
			runOnlyForDeploymentPostprocessing = 0;
		};
		50786EF82907236700E10BF5 /* Resources */ = {
			isa = PBXResourcesBuildPhase;
			buildActionMask = 2147483647;
			files = (
			);
			runOnlyForDeploymentPostprocessing = 0;
		};
/* End PBXResourcesBuildPhase section */

/* Begin PBXSourcesBuildPhase section */
		50786ED62907236400E10BF5 /* Sources */ = {
			isa = PBXSourcesBuildPhase;
			buildActionMask = 2147483647;
			files = (
				50255958292181DE007C41D3 /* MainWeatherView.swift in Sources */,
				5025595A29218291007C41D3 /* UIColor+hex.swift in Sources */,
				50F716D92914664900FBBA65 /* URLBuilder.swift in Sources */,
				50786EE22907236400E10BF5 /* ViewController.swift in Sources */,
				50786EDE2907236400E10BF5 /* AppDelegate.swift in Sources */,
				50F716D729145B8000FBBA65 /* Service.swift in Sources */,
				508347ED2924328B0064D2F9 /* ValueView.swift in Sources */,
				50F716D52914588F00FBBA65 /* WeatherModel.swift in Sources */,
				50AE7DA82926EBDF00FB384B /* DailyInfoView.swift in Sources */,
				508347EB2924302F0064D2F9 /* UIView+layout.swift in Sources */,
				508347EF29243B320064D2F9 /* UIView+constraints.swift in Sources */,
				50786EE02907236400E10BF5 /* SceneDelegate.swift in Sources */,
			);
			runOnlyForDeploymentPostprocessing = 0;
		};
		50786EEC2907236600E10BF5 /* Sources */ = {
			isa = PBXSourcesBuildPhase;
			buildActionMask = 2147483647;
			files = (
				50786EF52907236600E10BF5 /* MyWeatherTests.swift in Sources */,
			);
			runOnlyForDeploymentPostprocessing = 0;
		};
		50786EF62907236700E10BF5 /* Sources */ = {
			isa = PBXSourcesBuildPhase;
			buildActionMask = 2147483647;
			files = (
				50786EFF2907236700E10BF5 /* MyWeatherUITests.swift in Sources */,
				50786F012907236700E10BF5 /* MyWeatherUITestsLaunchTests.swift in Sources */,
			);
			runOnlyForDeploymentPostprocessing = 0;
		};
/* End PBXSourcesBuildPhase section */

/* Begin PBXTargetDependency section */
		50786EF22907236600E10BF5 /* PBXTargetDependency */ = {
			isa = PBXTargetDependency;
			target = 50786ED92907236400E10BF5 /* MyWeather */;
			targetProxy = 50786EF12907236600E10BF5 /* PBXContainerItemProxy */;
		};
		50786EFC2907236700E10BF5 /* PBXTargetDependency */ = {
			isa = PBXTargetDependency;
			target = 50786ED92907236400E10BF5 /* MyWeather */;
			targetProxy = 50786EFB2907236700E10BF5 /* PBXContainerItemProxy */;
		};
/* End PBXTargetDependency section */

/* Begin PBXVariantGroup section */
		50786EE82907236600E10BF5 /* LaunchScreen.storyboard */ = {
			isa = PBXVariantGroup;
			children = (
				50786EE92907236600E10BF5 /* Base */,
			);
			name = LaunchScreen.storyboard;
			sourceTree = "<group>";
		};
/* End PBXVariantGroup section */

/* Begin XCBuildConfiguration section */
		50786F022907236700E10BF5 /* Debug */ = {
			isa = XCBuildConfiguration;
			buildSettings = {
				ALWAYS_SEARCH_USER_PATHS = NO;
				CLANG_ANALYZER_NONNULL = YES;
				CLANG_ANALYZER_NUMBER_OBJECT_CONVERSION = YES_AGGRESSIVE;
				CLANG_CXX_LANGUAGE_STANDARD = "gnu++20";
				CLANG_ENABLE_MODULES = YES;
				CLANG_ENABLE_OBJC_ARC = YES;
				CLANG_ENABLE_OBJC_WEAK = YES;
				CLANG_WARN_BLOCK_CAPTURE_AUTORELEASING = YES;
				CLANG_WARN_BOOL_CONVERSION = YES;
				CLANG_WARN_COMMA = YES;
				CLANG_WARN_CONSTANT_CONVERSION = YES;
				CLANG_WARN_DEPRECATED_OBJC_IMPLEMENTATIONS = YES;
				CLANG_WARN_DIRECT_OBJC_ISA_USAGE = YES_ERROR;
				CLANG_WARN_DOCUMENTATION_COMMENTS = YES;
				CLANG_WARN_EMPTY_BODY = YES;
				CLANG_WARN_ENUM_CONVERSION = YES;
				CLANG_WARN_INFINITE_RECURSION = YES;
				CLANG_WARN_INT_CONVERSION = YES;
				CLANG_WARN_NON_LITERAL_NULL_CONVERSION = YES;
				CLANG_WARN_OBJC_IMPLICIT_RETAIN_SELF = YES;
				CLANG_WARN_OBJC_LITERAL_CONVERSION = YES;
				CLANG_WARN_OBJC_ROOT_CLASS = YES_ERROR;
				CLANG_WARN_QUOTED_INCLUDE_IN_FRAMEWORK_HEADER = YES;
				CLANG_WARN_RANGE_LOOP_ANALYSIS = YES;
				CLANG_WARN_STRICT_PROTOTYPES = YES;
				CLANG_WARN_SUSPICIOUS_MOVE = YES;
				CLANG_WARN_UNGUARDED_AVAILABILITY = YES_AGGRESSIVE;
				CLANG_WARN_UNREACHABLE_CODE = YES;
				CLANG_WARN__DUPLICATE_METHOD_MATCH = YES;
				COPY_PHASE_STRIP = NO;
				DEBUG_INFORMATION_FORMAT = dwarf;
				ENABLE_STRICT_OBJC_MSGSEND = YES;
				ENABLE_TESTABILITY = YES;
				GCC_C_LANGUAGE_STANDARD = gnu11;
				GCC_DYNAMIC_NO_PIC = NO;
				GCC_NO_COMMON_BLOCKS = YES;
				GCC_OPTIMIZATION_LEVEL = 0;
				GCC_PREPROCESSOR_DEFINITIONS = (
					"DEBUG=1",
					"$(inherited)",
				);
				GCC_WARN_64_TO_32_BIT_CONVERSION = YES;
				GCC_WARN_ABOUT_RETURN_TYPE = YES_ERROR;
				GCC_WARN_UNDECLARED_SELECTOR = YES;
				GCC_WARN_UNINITIALIZED_AUTOS = YES_AGGRESSIVE;
				GCC_WARN_UNUSED_FUNCTION = YES;
				GCC_WARN_UNUSED_VARIABLE = YES;
				IPHONEOS_DEPLOYMENT_TARGET = 16.0;
				MTL_ENABLE_DEBUG_INFO = INCLUDE_SOURCE;
				MTL_FAST_MATH = YES;
				ONLY_ACTIVE_ARCH = YES;
				SDKROOT = iphoneos;
				SWIFT_ACTIVE_COMPILATION_CONDITIONS = DEBUG;
				SWIFT_OPTIMIZATION_LEVEL = "-Onone";
			};
			name = Debug;
		};
		50786F032907236700E10BF5 /* Release */ = {
			isa = XCBuildConfiguration;
			buildSettings = {
				ALWAYS_SEARCH_USER_PATHS = NO;
				CLANG_ANALYZER_NONNULL = YES;
				CLANG_ANALYZER_NUMBER_OBJECT_CONVERSION = YES_AGGRESSIVE;
				CLANG_CXX_LANGUAGE_STANDARD = "gnu++20";
				CLANG_ENABLE_MODULES = YES;
				CLANG_ENABLE_OBJC_ARC = YES;
				CLANG_ENABLE_OBJC_WEAK = YES;
				CLANG_WARN_BLOCK_CAPTURE_AUTORELEASING = YES;
				CLANG_WARN_BOOL_CONVERSION = YES;
				CLANG_WARN_COMMA = YES;
				CLANG_WARN_CONSTANT_CONVERSION = YES;
				CLANG_WARN_DEPRECATED_OBJC_IMPLEMENTATIONS = YES;
				CLANG_WARN_DIRECT_OBJC_ISA_USAGE = YES_ERROR;
				CLANG_WARN_DOCUMENTATION_COMMENTS = YES;
				CLANG_WARN_EMPTY_BODY = YES;
				CLANG_WARN_ENUM_CONVERSION = YES;
				CLANG_WARN_INFINITE_RECURSION = YES;
				CLANG_WARN_INT_CONVERSION = YES;
				CLANG_WARN_NON_LITERAL_NULL_CONVERSION = YES;
				CLANG_WARN_OBJC_IMPLICIT_RETAIN_SELF = YES;
				CLANG_WARN_OBJC_LITERAL_CONVERSION = YES;
				CLANG_WARN_OBJC_ROOT_CLASS = YES_ERROR;
				CLANG_WARN_QUOTED_INCLUDE_IN_FRAMEWORK_HEADER = YES;
				CLANG_WARN_RANGE_LOOP_ANALYSIS = YES;
				CLANG_WARN_STRICT_PROTOTYPES = YES;
				CLANG_WARN_SUSPICIOUS_MOVE = YES;
				CLANG_WARN_UNGUARDED_AVAILABILITY = YES_AGGRESSIVE;
				CLANG_WARN_UNREACHABLE_CODE = YES;
				CLANG_WARN__DUPLICATE_METHOD_MATCH = YES;
				COPY_PHASE_STRIP = NO;
				DEBUG_INFORMATION_FORMAT = "dwarf-with-dsym";
				ENABLE_NS_ASSERTIONS = NO;
				ENABLE_STRICT_OBJC_MSGSEND = YES;
				GCC_C_LANGUAGE_STANDARD = gnu11;
				GCC_NO_COMMON_BLOCKS = YES;
				GCC_WARN_64_TO_32_BIT_CONVERSION = YES;
				GCC_WARN_ABOUT_RETURN_TYPE = YES_ERROR;
				GCC_WARN_UNDECLARED_SELECTOR = YES;
				GCC_WARN_UNINITIALIZED_AUTOS = YES_AGGRESSIVE;
				GCC_WARN_UNUSED_FUNCTION = YES;
				GCC_WARN_UNUSED_VARIABLE = YES;
				IPHONEOS_DEPLOYMENT_TARGET = 16.0;
				MTL_ENABLE_DEBUG_INFO = NO;
				MTL_FAST_MATH = YES;
				SDKROOT = iphoneos;
				SWIFT_COMPILATION_MODE = wholemodule;
				SWIFT_OPTIMIZATION_LEVEL = "-O";
				VALIDATE_PRODUCT = YES;
			};
			name = Release;
		};
		50786F052907236700E10BF5 /* Debug */ = {
			isa = XCBuildConfiguration;
			buildSettings = {
				ASSETCATALOG_COMPILER_APPICON_NAME = AppIcon;
				ASSETCATALOG_COMPILER_GLOBAL_ACCENT_COLOR_NAME = AccentColor;
				CODE_SIGN_STYLE = Automatic;
				CURRENT_PROJECT_VERSION = 1;
				DEVELOPMENT_TEAM = T4RHZJK2YW;
				GENERATE_INFOPLIST_FILE = YES;
				INFOPLIST_FILE = MyWeather/Info.plist;
				INFOPLIST_KEY_CFBundleDisplayName = MyWeather;
				INFOPLIST_KEY_LSApplicationCategoryType = "public.app-category.weather";
				INFOPLIST_KEY_UIApplicationSupportsIndirectInputEvents = YES;
				INFOPLIST_KEY_UILaunchStoryboardName = LaunchScreen.storyboard;
				INFOPLIST_KEY_UISupportedInterfaceOrientations_iPad = "UIInterfaceOrientationPortrait UIInterfaceOrientationPortraitUpsideDown UIInterfaceOrientationLandscapeLeft UIInterfaceOrientationLandscapeRight";
				INFOPLIST_KEY_UISupportedInterfaceOrientations_iPhone = "UIInterfaceOrientationPortrait UIInterfaceOrientationLandscapeLeft UIInterfaceOrientationLandscapeRight";
				LD_RUNPATH_SEARCH_PATHS = (
					"$(inherited)",
					"@executable_path/Frameworks",
				);
				MARKETING_VERSION = 1.0;
				PRODUCT_BUNDLE_IDENTIFIER = com.nicholaspilotto.MyWeather;
				PRODUCT_NAME = "$(TARGET_NAME)";
				SWIFT_EMIT_LOC_STRINGS = YES;
				SWIFT_VERSION = 5.0;
				TARGETED_DEVICE_FAMILY = "1,2";
			};
			name = Debug;
		};
		50786F062907236700E10BF5 /* Release */ = {
			isa = XCBuildConfiguration;
			buildSettings = {
				ASSETCATALOG_COMPILER_APPICON_NAME = AppIcon;
				ASSETCATALOG_COMPILER_GLOBAL_ACCENT_COLOR_NAME = AccentColor;
				CODE_SIGN_STYLE = Automatic;
				CURRENT_PROJECT_VERSION = 1;
				DEVELOPMENT_TEAM = T4RHZJK2YW;
				GENERATE_INFOPLIST_FILE = YES;
				INFOPLIST_FILE = MyWeather/Info.plist;
				INFOPLIST_KEY_CFBundleDisplayName = MyWeather;
				INFOPLIST_KEY_LSApplicationCategoryType = "public.app-category.weather";
				INFOPLIST_KEY_UIApplicationSupportsIndirectInputEvents = YES;
				INFOPLIST_KEY_UILaunchStoryboardName = LaunchScreen.storyboard;
				INFOPLIST_KEY_UISupportedInterfaceOrientations_iPad = "UIInterfaceOrientationPortrait UIInterfaceOrientationPortraitUpsideDown UIInterfaceOrientationLandscapeLeft UIInterfaceOrientationLandscapeRight";
				INFOPLIST_KEY_UISupportedInterfaceOrientations_iPhone = "UIInterfaceOrientationPortrait UIInterfaceOrientationLandscapeLeft UIInterfaceOrientationLandscapeRight";
				LD_RUNPATH_SEARCH_PATHS = (
					"$(inherited)",
					"@executable_path/Frameworks",
				);
				MARKETING_VERSION = 1.0;
				PRODUCT_BUNDLE_IDENTIFIER = com.nicholaspilotto.MyWeather;
				PRODUCT_NAME = "$(TARGET_NAME)";
				SWIFT_EMIT_LOC_STRINGS = YES;
				SWIFT_VERSION = 5.0;
				TARGETED_DEVICE_FAMILY = "1,2";
			};
			name = Release;
		};
		50786F082907236700E10BF5 /* Debug */ = {
			isa = XCBuildConfiguration;
			buildSettings = {
				ALWAYS_EMBED_SWIFT_STANDARD_LIBRARIES = YES;
				BUNDLE_LOADER = "$(TEST_HOST)";
				CODE_SIGN_STYLE = Automatic;
				CURRENT_PROJECT_VERSION = 1;
				DEVELOPMENT_TEAM = T4RHZJK2YW;
				GENERATE_INFOPLIST_FILE = YES;
				IPHONEOS_DEPLOYMENT_TARGET = 16.0;
				MARKETING_VERSION = 1.0;
				PRODUCT_BUNDLE_IDENTIFIER = com.nicholaspilotto.MyWeatherTests;
				PRODUCT_NAME = "$(TARGET_NAME)";
				SWIFT_EMIT_LOC_STRINGS = NO;
				SWIFT_VERSION = 5.0;
				TARGETED_DEVICE_FAMILY = "1,2";
				TEST_HOST = "$(BUILT_PRODUCTS_DIR)/MyWeather.app/$(BUNDLE_EXECUTABLE_FOLDER_PATH)/MyWeather";
			};
			name = Debug;
		};
		50786F092907236700E10BF5 /* Release */ = {
			isa = XCBuildConfiguration;
			buildSettings = {
				ALWAYS_EMBED_SWIFT_STANDARD_LIBRARIES = YES;
				BUNDLE_LOADER = "$(TEST_HOST)";
				CODE_SIGN_STYLE = Automatic;
				CURRENT_PROJECT_VERSION = 1;
				DEVELOPMENT_TEAM = T4RHZJK2YW;
				GENERATE_INFOPLIST_FILE = YES;
				IPHONEOS_DEPLOYMENT_TARGET = 16.0;
				MARKETING_VERSION = 1.0;
				PRODUCT_BUNDLE_IDENTIFIER = com.nicholaspilotto.MyWeatherTests;
				PRODUCT_NAME = "$(TARGET_NAME)";
				SWIFT_EMIT_LOC_STRINGS = NO;
				SWIFT_VERSION = 5.0;
				TARGETED_DEVICE_FAMILY = "1,2";
				TEST_HOST = "$(BUILT_PRODUCTS_DIR)/MyWeather.app/$(BUNDLE_EXECUTABLE_FOLDER_PATH)/MyWeather";
			};
			name = Release;
		};
		50786F0B2907236700E10BF5 /* Debug */ = {
			isa = XCBuildConfiguration;
			buildSettings = {
				ALWAYS_EMBED_SWIFT_STANDARD_LIBRARIES = YES;
				CODE_SIGN_STYLE = Automatic;
				CURRENT_PROJECT_VERSION = 1;
				DEVELOPMENT_TEAM = T4RHZJK2YW;
				GENERATE_INFOPLIST_FILE = YES;
				MARKETING_VERSION = 1.0;
				PRODUCT_BUNDLE_IDENTIFIER = com.nicholaspilotto.MyWeatherUITests;
				PRODUCT_NAME = "$(TARGET_NAME)";
				SWIFT_EMIT_LOC_STRINGS = NO;
				SWIFT_VERSION = 5.0;
				TARGETED_DEVICE_FAMILY = "1,2";
				TEST_TARGET_NAME = MyWeather;
			};
			name = Debug;
		};
		50786F0C2907236700E10BF5 /* Release */ = {
			isa = XCBuildConfiguration;
			buildSettings = {
				ALWAYS_EMBED_SWIFT_STANDARD_LIBRARIES = YES;
				CODE_SIGN_STYLE = Automatic;
				CURRENT_PROJECT_VERSION = 1;
				DEVELOPMENT_TEAM = T4RHZJK2YW;
				GENERATE_INFOPLIST_FILE = YES;
				MARKETING_VERSION = 1.0;
				PRODUCT_BUNDLE_IDENTIFIER = com.nicholaspilotto.MyWeatherUITests;
				PRODUCT_NAME = "$(TARGET_NAME)";
				SWIFT_EMIT_LOC_STRINGS = NO;
				SWIFT_VERSION = 5.0;
				TARGETED_DEVICE_FAMILY = "1,2";
				TEST_TARGET_NAME = MyWeather;
			};
			name = Release;
		};
/* End XCBuildConfiguration section */

/* Begin XCConfigurationList section */
		50786ED52907236400E10BF5 /* Build configuration list for PBXProject "MyWeather" */ = {
			isa = XCConfigurationList;
			buildConfigurations = (
				50786F022907236700E10BF5 /* Debug */,
				50786F032907236700E10BF5 /* Release */,
			);
			defaultConfigurationIsVisible = 0;
			defaultConfigurationName = Release;
		};
		50786F042907236700E10BF5 /* Build configuration list for PBXNativeTarget "MyWeather" */ = {
			isa = XCConfigurationList;
			buildConfigurations = (
				50786F052907236700E10BF5 /* Debug */,
				50786F062907236700E10BF5 /* Release */,
			);
			defaultConfigurationIsVisible = 0;
			defaultConfigurationName = Release;
		};
		50786F072907236700E10BF5 /* Build configuration list for PBXNativeTarget "MyWeatherTests" */ = {
			isa = XCConfigurationList;
			buildConfigurations = (
				50786F082907236700E10BF5 /* Debug */,
				50786F092907236700E10BF5 /* Release */,
			);
			defaultConfigurationIsVisible = 0;
			defaultConfigurationName = Release;
		};
		50786F0A2907236700E10BF5 /* Build configuration list for PBXNativeTarget "MyWeatherUITests" */ = {
			isa = XCConfigurationList;
			buildConfigurations = (
				50786F0B2907236700E10BF5 /* Debug */,
				50786F0C2907236700E10BF5 /* Release */,
			);
			defaultConfigurationIsVisible = 0;
			defaultConfigurationName = Release;
		};
/* End XCConfigurationList section */
	};
	rootObject = 50786ED22907236400E10BF5 /* Project object */;
}
